
Microsoft Visual Studio Solution File, Format Version 12.00
# Visual Studio Version 16
VisualStudioVersion = 16.0.30717.126
MinimumVisualStudioVersion = 10.0.40219.1
Project("{FAE04EC0-301F-11D3-BF4B-00C04F79EFBC}") = "020_Scopa", "020_Scopa\020_Scopa.csproj", "{9395D443-1D5C-486D-A046-E7220436F4B5}"
EndProject
Global
	GlobalSection(SolutionConfigurationPlatforms) = preSolution
		Debug|Any CPU = Debug|Any CPU
		Release|Any CPU = Release|Any CPU
	EndGlobalSection
	GlobalSection(ProjectConfigurationPlatforms) = postSolution
		{9395D443-1D5C-486D-A046-E7220436F4B5}.Debug|Any CPU.ActiveCfg = Debug|Any CPU
		{9395D443-1D5C-486D-A046-E7220436F4B5}.Debug|Any CPU.Build.0 = Debug|Any CPU
		{9395D443-1D5C-486D-A046-E7220436F4B5}.Release|Any CPU.ActiveCfg = Release|Any CPU
		{9395D443-1D5C-486D-A046-E7220436F4B5}.Release|Any CPU.Build.0 = Release|Any CPU
	EndGlobalSection
	GlobalSection(SolutionProperties) = preSolution
		HideSolutionNode = FALSE
	EndGlobalSection
	GlobalSection(ExtensibilityGlobals) = postSolution
		SolutionGuid = {C69A6468-A96E-4FAB-BC76-1631965CA6E3}
	EndGlobalSection
EndGlobal
